
Microsoft Visual Studio Solution File, Format Version 12.00
Project("{FAE04EC0-301F-11D3-BF4B-00C04F79EFBC}") = "CloudAwesome.Dataverse.Customisation", "CloudAwesome.Dataverse.Customisation\CloudAwesome.Dataverse.Customisation.csproj", "{454929D1-F166-457E-A8B0-70A258BE5903}"
EndProject
Project("{FAE04EC0-301F-11D3-BF4B-00C04F79EFBC}") = "CloudAwesome.Dataverse.Cli", "CloudAwesome.Dataverse.Cli\CloudAwesome.Dataverse.Cli.csproj", "{6F237B9F-2468-4A05-B9E0-6D8BE74A1F4D}"
EndProject
Project("{FAE04EC0-301F-11D3-BF4B-00C04F79EFBC}") = "CloudAwesome.Dataverse.Core", "CloudAwesome.Dataverse.Core\CloudAwesome.Dataverse.Core.csproj", "{BE56939B-51E4-4FAB-8DCA-6DB0C66B4172}"
EndProject
Global
	GlobalSection(SolutionConfigurationPlatforms) = preSolution
		Debug|Any CPU = Debug|Any CPU
		Release|Any CPU = Release|Any CPU
	EndGlobalSection
	GlobalSection(ProjectConfigurationPlatforms) = postSolution
		{454929D1-F166-457E-A8B0-70A258BE5903}.Debug|Any CPU.ActiveCfg = Debug|Any CPU
		{454929D1-F166-457E-A8B0-70A258BE5903}.Debug|Any CPU.Build.0 = Debug|Any CPU
		{454929D1-F166-457E-A8B0-70A258BE5903}.Release|Any CPU.ActiveCfg = Release|Any CPU
		{454929D1-F166-457E-A8B0-70A258BE5903}.Release|Any CPU.Build.0 = Release|Any CPU
		{6F237B9F-2468-4A05-B9E0-6D8BE74A1F4D}.Debug|Any CPU.ActiveCfg = Debug|Any CPU
		{6F237B9F-2468-4A05-B9E0-6D8BE74A1F4D}.Debug|Any CPU.Build.0 = Debug|Any CPU
		{6F237B9F-2468-4A05-B9E0-6D8BE74A1F4D}.Release|Any CPU.ActiveCfg = Release|Any CPU
		{6F237B9F-2468-4A05-B9E0-6D8BE74A1F4D}.Release|Any CPU.Build.0 = Release|Any CPU
		{BE56939B-51E4-4FAB-8DCA-6DB0C66B4172}.Debug|Any CPU.ActiveCfg = Debug|Any CPU
		{BE56939B-51E4-4FAB-8DCA-6DB0C66B4172}.Debug|Any CPU.Build.0 = Debug|Any CPU
		{BE56939B-51E4-4FAB-8DCA-6DB0C66B4172}.Release|Any CPU.ActiveCfg = Release|Any CPU
		{BE56939B-51E4-4FAB-8DCA-6DB0C66B4172}.Release|Any CPU.Build.0 = Release|Any CPU
	EndGlobalSection
EndGlobal
